
Microsoft Visual Studio Solution File, Format Version 12.00
# Visual Studio Version 17
VisualStudioVersion = 17.0.31903.59
MinimumVisualStudioVersion = 10.0.40219.1
Project("{FAE04EC0-301F-11D3-BF4B-00C04F79EFBC}") = "CarPoolMvc", "CarPoolMvc\CarPoolMvc.csproj", "{9932154A-080C-4496-BBD4-6C2CB411AD1E}"
EndProject
Project("{FAE04EC0-301F-11D3-BF4B-00C04F79EFBC}") = "CarPoolLibrary", "CarPoolLibrary\CarPoolLibrary.csproj", "{72C805E1-3AD9-4178-8026-D103CC1CB7E1}"
EndProject
Global
	GlobalSection(SolutionConfigurationPlatforms) = preSolution
		Debug|Any CPU = Debug|Any CPU
		Release|Any CPU = Release|Any CPU
	EndGlobalSection
	GlobalSection(SolutionProperties) = preSolution
		HideSolutionNode = FALSE
	EndGlobalSection
	GlobalSection(ProjectConfigurationPlatforms) = postSolution
		{9932154A-080C-4496-BBD4-6C2CB411AD1E}.Debug|Any CPU.ActiveCfg = Debug|Any CPU
		{9932154A-080C-4496-BBD4-6C2CB411AD1E}.Debug|Any CPU.Build.0 = Debug|Any CPU
		{9932154A-080C-4496-BBD4-6C2CB411AD1E}.Release|Any CPU.ActiveCfg = Release|Any CPU
		{9932154A-080C-4496-BBD4-6C2CB411AD1E}.Release|Any CPU.Build.0 = Release|Any CPU
		{72C805E1-3AD9-4178-8026-D103CC1CB7E1}.Debug|Any CPU.ActiveCfg = Debug|Any CPU
		{72C805E1-3AD9-4178-8026-D103CC1CB7E1}.Debug|Any CPU.Build.0 = Debug|Any CPU
		{72C805E1-3AD9-4178-8026-D103CC1CB7E1}.Release|Any CPU.ActiveCfg = Release|Any CPU
		{72C805E1-3AD9-4178-8026-D103CC1CB7E1}.Release|Any CPU.Build.0 = Release|Any CPU
	EndGlobalSection
EndGlobal
